
Microsoft Visual Studio Solution File, Format Version 12.00
# Visual Studio Version 17
VisualStudioVersion = 17.9.34902.65
MinimumVisualStudioVersion = 10.0.40219.1
Project("{FAE04EC0-301F-11D3-BF4B-00C04F79EFBC}") = "Week8EpicGame", "Week8EpicGame\Week8EpicGame.csproj", "{BDE58A1A-5597-4BD6-BBE5-BC69947EA820}"
EndProject
Global
	GlobalSection(SolutionConfigurationPlatforms) = preSolution
		Debug|Any CPU = Debug|Any CPU
		Release|Any CPU = Release|Any CPU
	EndGlobalSection
	GlobalSection(ProjectConfigurationPlatforms) = postSolution
		{BDE58A1A-5597-4BD6-BBE5-BC69947EA820}.Debug|Any CPU.ActiveCfg = Debug|Any CPU
		{BDE58A1A-5597-4BD6-BBE5-BC69947EA820}.Debug|Any CPU.Build.0 = Debug|Any CPU
		{BDE58A1A-5597-4BD6-BBE5-BC69947EA820}.Release|Any CPU.ActiveCfg = Release|Any CPU
		{BDE58A1A-5597-4BD6-BBE5-BC69947EA820}.Release|Any CPU.Build.0 = Release|Any CPU
	EndGlobalSection
	GlobalSection(SolutionProperties) = preSolution
		HideSolutionNode = FALSE
	EndGlobalSection
	GlobalSection(ExtensibilityGlobals) = postSolution
		SolutionGuid = {BC4AC21E-B184-4FDF-9AD2-976787CD97DA}
	EndGlobalSection
EndGlobal
